
Microsoft Visual Studio Solution File, Format Version 12.00
# Visual Studio 14
VisualStudioVersion = 14.0.25420.1
MinimumVisualStudioVersion = 10.0.40219.1
Project("{FAE04EC0-301F-11D3-BF4B-00C04F79EFBC}") = "XamarinFormsBindingSimple.Droid", "XamarinFormsBindingSimple\XamarinFormsBindingSimple.Droid\XamarinFormsBindingSimple.Droid.csproj", "{DF722A3B-FBF7-4B3F-AB34-D220E856A281}"
EndProject
Project("{FAE04EC0-301F-11D3-BF4B-00C04F79EFBC}") = "XamarinFormsBindingSimple.iOS", "XamarinFormsBindingSimple\XamarinFormsBindingSimple.iOS\XamarinFormsBindingSimple.iOS.csproj", "{24B9A18C-FCD0-441A-84F7-B3522B6A2E24}"
EndProject
Project("{FAE04EC0-301F-11D3-BF4B-00C04F79EFBC}") = "XamarinFormsBindingSimple.WinPhone", "XamarinFormsBindingSimple\XamarinFormsBindingSimple.WinPhone\XamarinFormsBindingSimple.WinPhone.csproj", "{A4480FB3-A48A-46ED-9A7C-930CEB8D6393}"
EndProject
Project("{FAE04EC0-301F-11D3-BF4B-00C04F79EFBC}") = "XamarinFormsBindingSimple.UWP", "XamarinFormsBindingSimple\XamarinFormsBindingSimple.UWP\XamarinFormsBindingSimple.UWP.csproj", "{C19C2F0F-96F6-4CB2-9791-64FE6A2540A8}"
EndProject
Project("{FAE04EC0-301F-11D3-BF4B-00C04F79EFBC}") = "XamarinFormsBindingSimple.Windows", "XamarinFormsBindingSimple\XamarinFormsBindingSimple.Windows\XamarinFormsBindingSimple.Windows.csproj", "{A6DCAB89-6C20-4603-8D88-111D4674A8A5}"
EndProject
Project("{FAE04EC0-301F-11D3-BF4B-00C04F79EFBC}") = "XamarinFormsBindingSimple", "XamarinFormsBindingSimple\XamarinFormsBindingSimple\XamarinFormsBindingSimple.csproj", "{43D2AE07-A6AB-4803-ADBB-F516914AF1E3}"
EndProject
Global
	GlobalSection(SolutionConfigurationPlatforms) = preSolution
		Ad-Hoc|Any CPU = Ad-Hoc|Any CPU
		Ad-Hoc|ARM = Ad-Hoc|ARM
		Ad-Hoc|iPhone = Ad-Hoc|iPhone
		Ad-Hoc|iPhoneSimulator = Ad-Hoc|iPhoneSimulator
		Ad-Hoc|x64 = Ad-Hoc|x64
		Ad-Hoc|x86 = Ad-Hoc|x86
		AppStore|Any CPU = AppStore|Any CPU
		AppStore|ARM = AppStore|ARM
		AppStore|iPhone = AppStore|iPhone
		AppStore|iPhoneSimulator = AppStore|iPhoneSimulator
		AppStore|x64 = AppStore|x64
		AppStore|x86 = AppStore|x86
		Debug|Any CPU = Debug|Any CPU
		Debug|ARM = Debug|ARM
		Debug|iPhone = Debug|iPhone
		Debug|iPhoneSimulator = Debug|iPhoneSimulator
		Debug|x64 = Debug|x64
		Debug|x86 = Debug|x86
		Release|Any CPU = Release|Any CPU
		Release|ARM = Release|ARM
		Release|iPhone = Release|iPhone
		Release|iPhoneSimulator = Release|iPhoneSimulator
		Release|x64 = Release|x64
		Release|x86 = Release|x86
	EndGlobalSection
	GlobalSection(ProjectConfigurationPlatforms) = postSolution
		{DF722A3B-FBF7-4B3F-AB34-D220E856A281}.Ad-Hoc|Any CPU.ActiveCfg = Release|Any CPU
		{DF722A3B-FBF7-4B3F-AB34-D220E856A281}.Ad-Hoc|Any CPU.Build.0 = Release|Any CPU
		{DF722A3B-FBF7-4B3F-AB34-D220E856A281}.Ad-Hoc|Any CPU.Deploy.0 = Release|Any CPU
		{DF722A3B-FBF7-4B3F-AB34-D220E856A281}.Ad-Hoc|ARM.ActiveCfg = Release|Any CPU
		{DF722A3B-FBF7-4B3F-AB34-D220E856A281}.Ad-Hoc|ARM.Build.0 = Release|Any CPU
		{DF722A3B-FBF7-4B3F-AB34-D220E856A281}.Ad-Hoc|ARM.Deploy.0 = Release|Any CPU
		{DF722A3B-FBF7-4B3F-AB34-D220E856A281}.Ad-Hoc|iPhone.ActiveCfg = Release|Any CPU
		{DF722A3B-FBF7-4B3F-AB34-D220E856A281}.Ad-Hoc|iPhone.Build.0 = Release|Any CPU
		{DF722A3B-FBF7-4B3F-AB34-D220E856A281}.Ad-Hoc|iPhone.Deploy.0 = Release|Any CPU
		{DF722A3B-FBF7-4B3F-AB34-D220E856A281}.Ad-Hoc|iPhoneSimulator.ActiveCfg = Release|Any CPU
		{DF722A3B-FBF7-4B3F-AB34-D220E856A281}.Ad-Hoc|iPhoneSimulator.Build.0 = Release|Any CPU
		{DF722A3B-FBF7-4B3F-AB34-D220E856A281}.Ad-Hoc|iPhoneSimulator.Deploy.0 = Release|Any CPU
		{DF722A3B-FBF7-4B3F-AB34-D220E856A281}.Ad-Hoc|x64.ActiveCfg = Release|Any CPU
		{DF722A3B-FBF7-4B3F-AB34-D220E856A281}.Ad-Hoc|x64.Build.0 = Release|Any CPU
		{DF722A3B-FBF7-4B3F-AB34-D220E856A281}.Ad-Hoc|x64.Deploy.0 = Release|Any CPU
		{DF722A3B-FBF7-4B3F-AB34-D220E856A281}.Ad-Hoc|x86.ActiveCfg = Release|Any CPU
		{DF722A3B-FBF7-4B3F-AB34-D220E856A281}.Ad-Hoc|x86.Build.0 = Release|Any CPU
		{DF722A3B-FBF7-4B3F-AB34-D220E856A281}.Ad-Hoc|x86.Deploy.0 = Release|Any CPU
		{DF722A3B-FBF7-4B3F-AB34-D220E856A281}.AppStore|Any CPU.ActiveCfg = Release|Any CPU
		{DF722A3B-FBF7-4B3F-AB34-D220E856A281}.AppStore|Any CPU.Build.0 = Release|Any CPU
		{DF722A3B-FBF7-4B3F-AB34-D220E856A281}.AppStore|Any CPU.Deploy.0 = Release|Any CPU
		{DF722A3B-FBF7-4B3F-AB34-D220E856A281}.AppStore|ARM.ActiveCfg = Release|Any CPU
		{DF722A3B-FBF7-4B3F-AB34-D220E856A281}.AppStore|ARM.Build.0 = Release|Any CPU
		{DF722A3B-FBF7-4B3F-AB34-D220E856A281}.AppStore|ARM.Deploy.0 = Release|Any CPU
		{DF722A3B-FBF7-4B3F-AB34-D220E856A281}.AppStore|iPhone.ActiveCfg = Release|Any CPU
		{DF722A3B-FBF7-4B3F-AB34-D220E856A281}.AppStore|iPhone.Build.0 = Release|Any CPU
		{DF722A3B-FBF7-4B3F-AB34-D220E856A281}.AppStore|iPhone.Deploy.0 = Release|Any CPU
		{DF722A3B-FBF7-4B3F-AB34-D220E856A281}.AppStore|iPhoneSimulator.ActiveCfg = Release|Any CPU
		{DF722A3B-FBF7-4B3F-AB34-D220E856A281}.AppStore|iPhoneSimulator.Build.0 = Release|Any CPU
		{DF722A3B-FBF7-4B3F-AB34-D220E856A281}.AppStore|iPhoneSimulator.Deploy.0 = Release|Any CPU
		{DF722A3B-FBF7-4B3F-AB34-D220E856A281}.AppStore|x64.ActiveCfg = Release|Any CPU
		{DF722A3B-FBF7-4B3F-AB34-D220E856A281}.AppStore|x64.Build.0 = Release|Any CPU
		{DF722A3B-FBF7-4B3F-AB34-D220E856A281}.AppStore|x64.Deploy.0 = Release|Any CPU
		{DF722A3B-FBF7-4B3F-AB34-D220E856A281}.AppStore|x86.ActiveCfg = Release|Any CPU
		{DF722A3B-FBF7-4B3F-AB34-D220E856A281}.AppStore|x86.Build.0 = Release|Any CPU
		{DF722A3B-FBF7-4B3F-AB34-D220E856A281}.AppStore|x86.Deploy.0 = Release|Any CPU
		{DF722A3B-FBF7-4B3F-AB34-D220E856A281}.Debug|Any CPU.ActiveCfg = Debug|Any CPU
		{DF722A3B-FBF7-4B3F-AB34-D220E856A281}.Debug|Any CPU.Build.0 = Debug|Any CPU
		{DF722A3B-FBF7-4B3F-AB34-D220E856A281}.Debug|Any CPU.Deploy.0 = Debug|Any CPU
		{DF722A3B-FBF7-4B3F-AB34-D220E856A281}.Debug|ARM.ActiveCfg = Debug|Any CPU
		{DF722A3B-FBF7-4B3F-AB34-D220E856A281}.Debug|ARM.Build.0 = Debug|Any CPU
		{DF722A3B-FBF7-4B3F-AB34-D220E856A281}.Debug|ARM.Deploy.0 = Debug|Any CPU
		{DF722A3B-FBF7-4B3F-AB34-D220E856A281}.Debug|iPhone.ActiveCfg = Debug|Any CPU
		{DF722A3B-FBF7-4B3F-AB34-D220E856A281}.Debug|iPhone.Build.0 = Debug|Any CPU
		{DF722A3B-FBF7-4B3F-AB34-D220E856A281}.Debug|iPhone.Deploy.0 = Debug|Any CPU
		{DF722A3B-FBF7-4B3F-AB34-D220E856A281}.Debug|iPhoneSimulator.ActiveCfg = Debug|Any CPU
		{DF722A3B-FBF7-4B3F-AB34-D220E856A281}.Debug|iPhoneSimulator.Build.0 = Debug|Any CPU
		{DF722A3B-FBF7-4B3F-AB34-D220E856A281}.Debug|iPhoneSimulator.Deploy.0 = Debug|Any CPU
		{DF722A3B-FBF7-4B3F-AB34-D220E856A281}.Debug|x64.ActiveCfg = Debug|Any CPU
		{DF722A3B-FBF7-4B3F-AB34-D220E856A281}.Debug|x64.Build.0 = Debug|Any CPU
		{DF722A3B-FBF7-4B3F-AB34-D220E856A281}.Debug|x64.Deploy.0 = Debug|Any CPU
		{DF722A3B-FBF7-4B3F-AB34-D220E856A281}.Debug|x86.ActiveCfg = Debug|Any CPU
		{DF722A3B-FBF7-4B3F-AB34-D220E856A281}.Debug|x86.Build.0 = Debug|Any CPU
		{DF722A3B-FBF7-4B3F-AB34-D220E856A281}.Debug|x86.Deploy.0 = Debug|Any CPU
		{DF722A3B-FBF7-4B3F-AB34-D220E856A281}.Release|Any CPU.ActiveCfg = Release|Any CPU
		{DF722A3B-FBF7-4B3F-AB34-D220E856A281}.Release|Any CPU.Build.0 = Release|Any CPU
		{DF722A3B-FBF7-4B3F-AB34-D220E856A281}.Release|Any CPU.Deploy.0 = Release|Any CPU
		{DF722A3B-FBF7-4B3F-AB34-D220E856A281}.Release|ARM.ActiveCfg = Release|Any CPU
		{DF722A3B-FBF7-4B3F-AB34-D220E856A281}.Release|ARM.Build.0 = Release|Any CPU
		{DF722A3B-FBF7-4B3F-AB34-D220E856A281}.Release|ARM.Deploy.0 = Release|Any CPU
		{DF722A3B-FBF7-4B3F-AB34-D220E856A281}.Release|iPhone.ActiveCfg = Release|Any CPU
		{DF722A3B-FBF7-4B3F-AB34-D220E856A281}.Release|iPhone.Build.0 = Release|Any CPU
		{DF722A3B-FBF7-4B3F-AB34-D220E856A281}.Release|iPhone.Deploy.0 = Release|Any CPU
		{DF722A3B-FBF7-4B3F-AB34-D220E856A281}.Release|iPhoneSimulator.ActiveCfg = Release|Any CPU
		{DF722A3B-FBF7-4B3F-AB34-D220E856A281}.Release|iPhoneSimulator.Build.0 = Release|Any CPU
		{DF722A3B-FBF7-4B3F-AB34-D220E856A281}.Release|iPhoneSimulator.Deploy.0 = Release|Any CPU
		{DF722A3B-FBF7-4B3F-AB34-D220E856A281}.Release|x64.ActiveCfg = Release|Any CPU
		{DF722A3B-FBF7-4B3F-AB34-D220E856A281}.Release|x64.Build.0 = Release|Any CPU
		{DF722A3B-FBF7-4B3F-AB34-D220E856A281}.Release|x64.Deploy.0 = Release|Any CPU
		{DF722A3B-FBF7-4B3F-AB34-D220E856A281}.Release|x86.ActiveCfg = Release|Any CPU
		{DF722A3B-FBF7-4B3F-AB34-D220E856A281}.Release|x86.Build.0 = Release|Any CPU
		{DF722A3B-FBF7-4B3F-AB34-D220E856A281}.Release|x86.Deploy.0 = Release|Any CPU
		{24B9A18C-FCD0-441A-84F7-B3522B6A2E24}.Ad-Hoc|Any CPU.ActiveCfg = Ad-Hoc|iPhone
		{24B9A18C-FCD0-441A-84F7-B3522B6A2E24}.Ad-Hoc|ARM.ActiveCfg = Ad-Hoc|iPhone
		{24B9A18C-FCD0-441A-84F7-B3522B6A2E24}.Ad-Hoc|iPhone.ActiveCfg = Ad-Hoc|iPhone
		{24B9A18C-FCD0-441A-84F7-B3522B6A2E24}.Ad-Hoc|iPhone.Build.0 = Ad-Hoc|iPhone
		{24B9A18C-FCD0-441A-84F7-B3522B6A2E24}.Ad-Hoc|iPhoneSimulator.ActiveCfg = Ad-Hoc|iPhoneSimulator
		{24B9A18C-FCD0-441A-84F7-B3522B6A2E24}.Ad-Hoc|iPhoneSimulator.Build.0 = Ad-Hoc|iPhoneSimulator
		{24B9A18C-FCD0-441A-84F7-B3522B6A2E24}.Ad-Hoc|x64.ActiveCfg = Ad-Hoc|iPhone
		{24B9A18C-FCD0-441A-84F7-B3522B6A2E24}.Ad-Hoc|x86.ActiveCfg = Ad-Hoc|iPhone
		{24B9A18C-FCD0-441A-84F7-B3522B6A2E24}.AppStore|Any CPU.ActiveCfg = AppStore|iPhone
		{24B9A18C-FCD0-441A-84F7-B3522B6A2E24}.AppStore|ARM.ActiveCfg = AppStore|iPhone
		{24B9A18C-FCD0-441A-84F7-B3522B6A2E24}.AppStore|iPhone.ActiveCfg = AppStore|iPhone
		{24B9A18C-FCD0-441A-84F7-B3522B6A2E24}.AppStore|iPhone.Build.0 = AppStore|iPhone
		{24B9A18C-FCD0-441A-84F7-B3522B6A2E24}.AppStore|iPhoneSimulator.ActiveCfg = AppStore|iPhoneSimulator
		{24B9A18C-FCD0-441A-84F7-B3522B6A2E24}.AppStore|iPhoneSimulator.Build.0 = AppStore|iPhoneSimulator
		{24B9A18C-FCD0-441A-84F7-B3522B6A2E24}.AppStore|x64.ActiveCfg = AppStore|iPhone
		{24B9A18C-FCD0-441A-84F7-B3522B6A2E24}.AppStore|x86.ActiveCfg = AppStore|iPhone
		{24B9A18C-FCD0-441A-84F7-B3522B6A2E24}.Debug|Any CPU.ActiveCfg = Debug|iPhone
		{24B9A18C-FCD0-441A-84F7-B3522B6A2E24}.Debug|ARM.ActiveCfg = Debug|iPhone
		{24B9A18C-FCD0-441A-84F7-B3522B6A2E24}.Debug|iPhone.ActiveCfg = Debug|iPhone
		{24B9A18C-FCD0-441A-84F7-B3522B6A2E24}.Debug|iPhone.Build.0 = Debug|iPhone
		{24B9A18C-FCD0-441A-84F7-B3522B6A2E24}.Debug|iPhoneSimulator.ActiveCfg = Debug|iPhoneSimulator
		{24B9A18C-FCD0-441A-84F7-B3522B6A2E24}.Debug|iPhoneSimulator.Build.0 = Debug|iPhoneSimulator
		{24B9A18C-FCD0-441A-84F7-B3522B6A2E24}.Debug|x64.ActiveCfg = Debug|iPhone
		{24B9A18C-FCD0-441A-84F7-B3522B6A2E24}.Debug|x86.ActiveCfg = Debug|iPhone
		{24B9A18C-FCD0-441A-84F7-B3522B6A2E24}.Release|Any CPU.ActiveCfg = Release|iPhone
		{24B9A18C-FCD0-441A-84F7-B3522B6A2E24}.Release|ARM.ActiveCfg = Release|iPhone
		{24B9A18C-FCD0-441A-84F7-B3522B6A2E24}.Release|iPhone.ActiveCfg = Release|iPhone
		{24B9A18C-FCD0-441A-84F7-B3522B6A2E24}.Release|iPhone.Build.0 = Release|iPhone
		{24B9A18C-FCD0-441A-84F7-B3522B6A2E24}.Release|iPhoneSimulator.ActiveCfg = Release|iPhoneSimulator
		{24B9A18C-FCD0-441A-84F7-B3522B6A2E24}.Release|iPhoneSimulator.Build.0 = Release|iPhoneSimulator
		{24B9A18C-FCD0-441A-84F7-B3522B6A2E24}.Release|x64.ActiveCfg = Release|iPhone
		{24B9A18C-FCD0-441A-84F7-B3522B6A2E24}.Release|x86.ActiveCfg = Release|iPhone
		{A4480FB3-A48A-46ED-9A7C-930CEB8D6393}.Ad-Hoc|Any CPU.ActiveCfg = Release|Any CPU
		{A4480FB3-A48A-46ED-9A7C-930CEB8D6393}.Ad-Hoc|Any CPU.Build.0 = Release|Any CPU
		{A4480FB3-A48A-46ED-9A7C-930CEB8D6393}.Ad-Hoc|Any CPU.Deploy.0 = Release|Any CPU
		{A4480FB3-A48A-46ED-9A7C-930CEB8D6393}.Ad-Hoc|ARM.ActiveCfg = Release|ARM
		{A4480FB3-A48A-46ED-9A7C-930CEB8D6393}.Ad-Hoc|ARM.Build.0 = Release|ARM
		{A4480FB3-A48A-46ED-9A7C-930CEB8D6393}.Ad-Hoc|ARM.Deploy.0 = Release|ARM
		{A4480FB3-A48A-46ED-9A7C-930CEB8D6393}.Ad-Hoc|iPhone.ActiveCfg = Release|Any CPU
		{A4480FB3-A48A-46ED-9A7C-930CEB8D6393}.Ad-Hoc|iPhone.Build.0 = Release|Any CPU
		{A4480FB3-A48A-46ED-9A7C-930CEB8D6393}.Ad-Hoc|iPhone.Deploy.0 = Release|Any CPU
		{A4480FB3-A48A-46ED-9A7C-930CEB8D6393}.Ad-Hoc|iPhoneSimulator.ActiveCfg = Release|Any CPU
		{A4480FB3-A48A-46ED-9A7C-930CEB8D6393}.Ad-Hoc|iPhoneSimulator.Build.0 = Release|Any CPU
		{A4480FB3-A48A-46ED-9A7C-930CEB8D6393}.Ad-Hoc|iPhoneSimulator.Deploy.0 = Release|Any CPU
		{A4480FB3-A48A-46ED-9A7C-930CEB8D6393}.Ad-Hoc|x64.ActiveCfg = Release|Any CPU
		{A4480FB3-A48A-46ED-9A7C-930CEB8D6393}.Ad-Hoc|x64.Build.0 = Release|Any CPU
		{A4480FB3-A48A-46ED-9A7C-930CEB8D6393}.Ad-Hoc|x64.Deploy.0 = Release|Any CPU
		{A4480FB3-A48A-46ED-9A7C-930CEB8D6393}.Ad-Hoc|x86.ActiveCfg = Release|x86
		{A4480FB3-A48A-46ED-9A7C-930CEB8D6393}.Ad-Hoc|x86.Build.0 = Release|x86
		{A4480FB3-A48A-46ED-9A7C-930CEB8D6393}.Ad-Hoc|x86.Deploy.0 = Release|x86
		{A4480FB3-A48A-46ED-9A7C-930CEB8D6393}.AppStore|Any CPU.ActiveCfg = Release|Any CPU
		{A4480FB3-A48A-46ED-9A7C-930CEB8D6393}.AppStore|Any CPU.Build.0 = Release|Any CPU
		{A4480FB3-A48A-46ED-9A7C-930CEB8D6393}.AppStore|Any CPU.Deploy.0 = Release|Any CPU
		{A4480FB3-A48A-46ED-9A7C-930CEB8D6393}.AppStore|ARM.ActiveCfg = Release|ARM
		{A4480FB3-A48A-46ED-9A7C-930CEB8D6393}.AppStore|ARM.Build.0 = Release|ARM
		{A4480FB3-A48A-46ED-9A7C-930CEB8D6393}.AppStore|ARM.Deploy.0 = Release|ARM
		{A4480FB3-A48A-46ED-9A7C-930CEB8D6393}.AppStore|iPhone.ActiveCfg = Release|Any CPU
		{A4480FB3-A48A-46ED-9A7C-930CEB8D6393}.AppStore|iPhone.Build.0 = Release|Any CPU
		{A4480FB3-A48A-46ED-9A7C-930CEB8D6393}.AppStore|iPhone.Deploy.0 = Release|Any CPU
		{A4480FB3-A48A-46ED-9A7C-930CEB8D6393}.AppStore|iPhoneSimulator.ActiveCfg = Release|Any CPU
		{A4480FB3-A48A-46ED-9A7C-930CEB8D6393}.AppStore|iPhoneSimulator.Build.0 = Release|Any CPU
		{A4480FB3-A48A-46ED-9A7C-930CEB8D6393}.AppStore|iPhoneSimulator.Deploy.0 = Release|Any CPU
		{A4480FB3-A48A-46ED-9A7C-930CEB8D6393}.AppStore|x64.ActiveCfg = Release|Any CPU
		{A4480FB3-A48A-46ED-9A7C-930CEB8D6393}.AppStore|x64.Build.0 = Release|Any CPU
		{A4480FB3-A48A-46ED-9A7C-930CEB8D6393}.AppStore|x64.Deploy.0 = Release|Any CPU
		{A4480FB3-A48A-46ED-9A7C-930CEB8D6393}.AppStore|x86.ActiveCfg = Release|x86
		{A4480FB3-A48A-46ED-9A7C-930CEB8D6393}.AppStore|x86.Build.0 = Release|x86
		{A4480FB3-A48A-46ED-9A7C-930CEB8D6393}.AppStore|x86.Deploy.0 = Release|x86
		{A4480FB3-A48A-46ED-9A7C-930CEB8D6393}.Debug|Any CPU.ActiveCfg = Debug|Any CPU
		{A4480FB3-A48A-46ED-9A7C-930CEB8D6393}.Debug|Any CPU.Build.0 = Debug|Any CPU
		{A4480FB3-A48A-46ED-9A7C-930CEB8D6393}.Debug|Any CPU.Deploy.0 = Debug|Any CPU
		{A4480FB3-A48A-46ED-9A7C-930CEB8D6393}.Debug|ARM.ActiveCfg = Debug|ARM
		{A4480FB3-A48A-46ED-9A7C-930CEB8D6393}.Debug|ARM.Build.0 = Debug|ARM
		{A4480FB3-A48A-46ED-9A7C-930CEB8D6393}.Debug|ARM.Deploy.0 = Debug|ARM
		{A4480FB3-A48A-46ED-9A7C-930CEB8D6393}.Debug|iPhone.ActiveCfg = Debug|Any CPU
		{A4480FB3-A48A-46ED-9A7C-930CEB8D6393}.Debug|iPhone.Build.0 = Debug|Any CPU
		{A4480FB3-A48A-46ED-9A7C-930CEB8D6393}.Debug|iPhone.Deploy.0 = Debug|Any CPU
		{A4480FB3-A48A-46ED-9A7C-930CEB8D6393}.Debug|iPhoneSimulator.ActiveCfg = Debug|Any CPU
		{A4480FB3-A48A-46ED-9A7C-930CEB8D6393}.Debug|iPhoneSimulator.Build.0 = Debug|Any CPU
		{A4480FB3-A48A-46ED-9A7C-930CEB8D6393}.Debug|iPhoneSimulator.Deploy.0 = Debug|Any CPU
		{A4480FB3-A48A-46ED-9A7C-930CEB8D6393}.Debug|x64.ActiveCfg = Debug|Any CPU
		{A4480FB3-A48A-46ED-9A7C-930CEB8D6393}.Debug|x64.Build.0 = Debug|Any CPU
		{A4480FB3-A48A-46ED-9A7C-930CEB8D6393}.Debug|x64.Deploy.0 = Debug|Any CPU
		{A4480FB3-A48A-46ED-9A7C-930CEB8D6393}.Debug|x86.ActiveCfg = Debug|x86
		{A4480FB3-A48A-46ED-9A7C-930CEB8D6393}.Debug|x86.Build.0 = Debug|x86
		{A4480FB3-A48A-46ED-9A7C-930CEB8D6393}.Debug|x86.Deploy.0 = Debug|x86
		{A4480FB3-A48A-46ED-9A7C-930CEB8D6393}.Release|Any CPU.ActiveCfg = Release|Any CPU
		{A4480FB3-A48A-46ED-9A7C-930CEB8D6393}.Release|Any CPU.Build.0 = Release|Any CPU
		{A4480FB3-A48A-46ED-9A7C-930CEB8D6393}.Release|Any CPU.Deploy.0 = Release|Any CPU
		{A4480FB3-A48A-46ED-9A7C-930CEB8D6393}.Release|ARM.ActiveCfg = Release|ARM
		{A4480FB3-A48A-46ED-9A7C-930CEB8D6393}.Release|ARM.Build.0 = Release|ARM
		{A4480FB3-A48A-46ED-9A7C-930CEB8D6393}.Release|ARM.Deploy.0 = Release|ARM
		{A4480FB3-A48A-46ED-9A7C-930CEB8D6393}.Release|iPhone.ActiveCfg = Release|Any CPU
		{A4480FB3-A48A-46ED-9A7C-930CEB8D6393}.Release|iPhone.Build.0 = Release|Any CPU
		{A4480FB3-A48A-46ED-9A7C-930CEB8D6393}.Release|iPhone.Deploy.0 = Release|Any CPU
		{A4480FB3-A48A-46ED-9A7C-930CEB8D6393}.Release|iPhoneSimulator.ActiveCfg = Release|Any CPU
		{A4480FB3-A48A-46ED-9A7C-930CEB8D6393}.Release|iPhoneSimulator.Build.0 = Release|Any CPU
		{A4480FB3-A48A-46ED-9A7C-930CEB8D6393}.Release|iPhoneSimulator.Deploy.0 = Release|Any CPU
		{A4480FB3-A48A-46ED-9A7C-930CEB8D6393}.Release|x64.ActiveCfg = Release|Any CPU
		{A4480FB3-A48A-46ED-9A7C-930CEB8D6393}.Release|x64.Build.0 = Release|Any CPU
		{A4480FB3-A48A-46ED-9A7C-930CEB8D6393}.Release|x64.Deploy.0 = Release|Any CPU
		{A4480FB3-A48A-46ED-9A7C-930CEB8D6393}.Release|x86.ActiveCfg = Release|x86
		{A4480FB3-A48A-46ED-9A7C-930CEB8D6393}.Release|x86.Build.0 = Release|x86
		{A4480FB3-A48A-46ED-9A7C-930CEB8D6393}.Release|x86.Deploy.0 = Release|x86
		{C19C2F0F-96F6-4CB2-9791-64FE6A2540A8}.Ad-Hoc|Any CPU.ActiveCfg = Release|x86
		{C19C2F0F-96F6-4CB2-9791-64FE6A2540A8}.Ad-Hoc|Any CPU.Build.0 = Release|x86
		{C19C2F0F-96F6-4CB2-9791-64FE6A2540A8}.Ad-Hoc|Any CPU.Deploy.0 = Release|x86
		{C19C2F0F-96F6-4CB2-9791-64FE6A2540A8}.Ad-Hoc|ARM.ActiveCfg = Release|ARM
		{C19C2F0F-96F6-4CB2-9791-64FE6A2540A8}.Ad-Hoc|ARM.Build.0 = Release|ARM
		{C19C2F0F-96F6-4CB2-9791-64FE6A2540A8}.Ad-Hoc|ARM.Deploy.0 = Release|ARM
		{C19C2F0F-96F6-4CB2-9791-64FE6A2540A8}.Ad-Hoc|iPhone.ActiveCfg = Release|x86
		{C19C2F0F-96F6-4CB2-9791-64FE6A2540A8}.Ad-Hoc|iPhone.Build.0 = Release|x86
		{C19C2F0F-96F6-4CB2-9791-64FE6A2540A8}.Ad-Hoc|iPhone.Deploy.0 = Release|x86
		{C19C2F0F-96F6-4CB2-9791-64FE6A2540A8}.Ad-Hoc|iPhoneSimulator.ActiveCfg = Release|x86
		{C19C2F0F-96F6-4CB2-9791-64FE6A2540A8}.Ad-Hoc|iPhoneSimulator.Build.0 = Release|x86
		{C19C2F0F-96F6-4CB2-9791-64FE6A2540A8}.Ad-Hoc|iPhoneSimulator.Deploy.0 = Release|x86
		{C19C2F0F-96F6-4CB2-9791-64FE6A2540A8}.Ad-Hoc|x64.ActiveCfg = Release|x64
		{C19C2F0F-96F6-4CB2-9791-64FE6A2540A8}.Ad-Hoc|x64.Build.0 = Release|x64
		{C19C2F0F-96F6-4CB2-9791-64FE6A2540A8}.Ad-Hoc|x64.Deploy.0 = Release|x64
		{C19C2F0F-96F6-4CB2-9791-64FE6A2540A8}.Ad-Hoc|x86.ActiveCfg = Release|x86
		{C19C2F0F-96F6-4CB2-9791-64FE6A2540A8}.Ad-Hoc|x86.Build.0 = Release|x86
		{C19C2F0F-96F6-4CB2-9791-64FE6A2540A8}.Ad-Hoc|x86.Deploy.0 = Release|x86
		{C19C2F0F-96F6-4CB2-9791-64FE6A2540A8}.AppStore|Any CPU.ActiveCfg = Release|x86
		{C19C2F0F-96F6-4CB2-9791-64FE6A2540A8}.AppStore|Any CPU.Build.0 = Release|x86
		{C19C2F0F-96F6-4CB2-9791-64FE6A2540A8}.AppStore|Any CPU.Deploy.0 = Release|x86
		{C19C2F0F-96F6-4CB2-9791-64FE6A2540A8}.AppStore|ARM.ActiveCfg = Release|ARM
		{C19C2F0F-96F6-4CB2-9791-64FE6A2540A8}.AppStore|ARM.Build.0 = Release|ARM
		{C19C2F0F-96F6-4CB2-9791-64FE6A2540A8}.AppStore|ARM.Deploy.0 = Release|ARM
		{C19C2F0F-96F6-4CB2-9791-64FE6A2540A8}.AppStore|iPhone.ActiveCfg = Release|x86
		{C19C2F0F-96F6-4CB2-9791-64FE6A2540A8}.AppStore|iPhone.Build.0 = Release|x86
		{C19C2F0F-96F6-4CB2-9791-64FE6A2540A8}.AppStore|iPhone.Deploy.0 = Release|x86
		{C19C2F0F-96F6-4CB2-9791-64FE6A2540A8}.AppStore|iPhoneSimulator.ActiveCfg = Release|x86
		{C19C2F0F-96F6-4CB2-9791-64FE6A2540A8}.AppStore|iPhoneSimulator.Build.0 = Release|x86
		{C19C2F0F-96F6-4CB2-9791-64FE6A2540A8}.AppStore|iPhoneSimulator.Deploy.0 = Release|x86
		{C19C2F0F-96F6-4CB2-9791-64FE6A2540A8}.AppStore|x64.ActiveCfg = Release|x64
		{C19C2F0F-96F6-4CB2-9791-64FE6A2540A8}.AppStore|x64.Build.0 = Release|x64
		{C19C2F0F-96F6-4CB2-9791-64FE6A2540A8}.AppStore|x64.Deploy.0 = Release|x64
		{C19C2F0F-96F6-4CB2-9791-64FE6A2540A8}.AppStore|x86.ActiveCfg = Release|x86
		{C19C2F0F-96F6-4CB2-9791-64FE6A2540A8}.AppStore|x86.Build.0 = Release|x86
		{C19C2F0F-96F6-4CB2-9791-64FE6A2540A8}.AppStore|x86.Deploy.0 = Release|x86
		{C19C2F0F-96F6-4CB2-9791-64FE6A2540A8}.Debug|Any CPU.ActiveCfg = Debug|x86
		{C19C2F0F-96F6-4CB2-9791-64FE6A2540A8}.Debug|ARM.ActiveCfg = Debug|ARM
		{C19C2F0F-96F6-4CB2-9791-64FE6A2540A8}.Debug|ARM.Build.0 = Debug|ARM
		{C19C2F0F-96F6-4CB2-9791-64FE6A2540A8}.Debug|ARM.Deploy.0 = Debug|ARM
		{C19C2F0F-96F6-4CB2-9791-64FE6A2540A8}.Debug|iPhone.ActiveCfg = Debug|x86
		{C19C2F0F-96F6-4CB2-9791-64FE6A2540A8}.Debug|iPhoneSimulator.ActiveCfg = Debug|x86
		{C19C2F0F-96F6-4CB2-9791-64FE6A2540A8}.Debug|x64.ActiveCfg = Debug|x64
		{C19C2F0F-96F6-4CB2-9791-64FE6A2540A8}.Debug|x64.Build.0 = Debug|x64
		{C19C2F0F-96F6-4CB2-9791-64FE6A2540A8}.Debug|x64.Deploy.0 = Debug|x64
		{C19C2F0F-96F6-4CB2-9791-64FE6A2540A8}.Debug|x86.ActiveCfg = Debug|x86
		{C19C2F0F-96F6-4CB2-9791-64FE6A2540A8}.Debug|x86.Build.0 = Debug|x86
		{C19C2F0F-96F6-4CB2-9791-64FE6A2540A8}.Debug|x86.Deploy.0 = Debug|x86
		{C19C2F0F-96F6-4CB2-9791-64FE6A2540A8}.Release|Any CPU.ActiveCfg = Release|x86
		{C19C2F0F-96F6-4CB2-9791-64FE6A2540A8}.Release|ARM.ActiveCfg = Release|ARM
		{C19C2F0F-96F6-4CB2-9791-64FE6A2540A8}.Release|ARM.Build.0 = Release|ARM
		{C19C2F0F-96F6-4CB2-9791-64FE6A2540A8}.Release|ARM.Deploy.0 = Release|ARM
		{C19C2F0F-96F6-4CB2-9791-64FE6A2540A8}.Release|iPhone.ActiveCfg = Release|x86
		{C19C2F0F-96F6-4CB2-9791-64FE6A2540A8}.Release|iPhoneSimulator.ActiveCfg = Release|x86
		{C19C2F0F-96F6-4CB2-9791-64FE6A2540A8}.Release|x64.ActiveCfg = Release|x64
		{C19C2F0F-96F6-4CB2-9791-64FE6A2540A8}.Release|x64.Build.0 = Release|x64
		{C19C2F0F-96F6-4CB2-9791-64FE6A2540A8}.Release|x64.Deploy.0 = Release|x64
		{C19C2F0F-96F6-4CB2-9791-64FE6A2540A8}.Release|x86.ActiveCfg = Release|x86
		{C19C2F0F-96F6-4CB2-9791-64FE6A2540A8}.Release|x86.Build.0 = Release|x86
		{C19C2F0F-96F6-4CB2-9791-64FE6A2540A8}.Release|x86.Deploy.0 = Release|x86
		{A6DCAB89-6C20-4603-8D88-111D4674A8A5}.Ad-Hoc|Any CPU.ActiveCfg = Release|Any CPU
		{A6DCAB89-6C20-4603-8D88-111D4674A8A5}.Ad-Hoc|Any CPU.Build.0 = Release|Any CPU
		{A6DCAB89-6C20-4603-8D88-111D4674A8A5}.Ad-Hoc|Any CPU.Deploy.0 = Release|Any CPU
		{A6DCAB89-6C20-4603-8D88-111D4674A8A5}.Ad-Hoc|ARM.ActiveCfg = Release|ARM
		{A6DCAB89-6C20-4603-8D88-111D4674A8A5}.Ad-Hoc|ARM.Build.0 = Release|ARM
		{A6DCAB89-6C20-4603-8D88-111D4674A8A5}.Ad-Hoc|ARM.Deploy.0 = Release|ARM
		{A6DCAB89-6C20-4603-8D88-111D4674A8A5}.Ad-Hoc|iPhone.ActiveCfg = Release|Any CPU
		{A6DCAB89-6C20-4603-8D88-111D4674A8A5}.Ad-Hoc|iPhone.Build.0 = Release|Any CPU
		{A6DCAB89-6C20-4603-8D88-111D4674A8A5}.Ad-Hoc|iPhone.Deploy.0 = Release|Any CPU
		{A6DCAB89-6C20-4603-8D88-111D4674A8A5}.Ad-Hoc|iPhoneSimulator.ActiveCfg = Release|Any CPU
		{A6DCAB89-6C20-4603-8D88-111D4674A8A5}.Ad-Hoc|iPhoneSimulator.Build.0 = Release|Any CPU
		{A6DCAB89-6C20-4603-8D88-111D4674A8A5}.Ad-Hoc|iPhoneSimulator.Deploy.0 = Release|Any CPU
		{A6DCAB89-6C20-4603-8D88-111D4674A8A5}.Ad-Hoc|x64.ActiveCfg = Release|x64
		{A6DCAB89-6C20-4603-8D88-111D4674A8A5}.Ad-Hoc|x64.Build.0 = Release|x64
		{A6DCAB89-6C20-4603-8D88-111D4674A8A5}.Ad-Hoc|x64.Deploy.0 = Release|x64
		{A6DCAB89-6C20-4603-8D88-111D4674A8A5}.Ad-Hoc|x86.ActiveCfg = Release|x86
		{A6DCAB89-6C20-4603-8D88-111D4674A8A5}.Ad-Hoc|x86.Build.0 = Release|x86
		{A6DCAB89-6C20-4603-8D88-111D4674A8A5}.Ad-Hoc|x86.Deploy.0 = Release|x86
		{A6DCAB89-6C20-4603-8D88-111D4674A8A5}.AppStore|Any CPU.ActiveCfg = Release|Any CPU
		{A6DCAB89-6C20-4603-8D88-111D4674A8A5}.AppStore|Any CPU.Build.0 = Release|Any CPU
		{A6DCAB89-6C20-4603-8D88-111D4674A8A5}.AppStore|Any CPU.Deploy.0 = Release|Any CPU
		{A6DCAB89-6C20-4603-8D88-111D4674A8A5}.AppStore|ARM.ActiveCfg = Release|ARM
		{A6DCAB89-6C20-4603-8D88-111D4674A8A5}.AppStore|ARM.Build.0 = Release|ARM
		{A6DCAB89-6C20-4603-8D88-111D4674A8A5}.AppStore|ARM.Deploy.0 = Release|ARM
		{A6DCAB89-6C20-4603-8D88-111D4674A8A5}.AppStore|iPhone.ActiveCfg = Release|Any CPU
		{A6DCAB89-6C20-4603-8D88-111D4674A8A5}.AppStore|iPhone.Build.0 = Release|Any CPU
		{A6DCAB89-6C20-4603-8D88-111D4674A8A5}.AppStore|iPhone.Deploy.0 = Release|Any CPU
		{A6DCAB89-6C20-4603-8D88-111D4674A8A5}.AppStore|iPhoneSimulator.ActiveCfg = Release|Any CPU
		{A6DCAB89-6C20-4603-8D88-111D4674A8A5}.AppStore|iPhoneSimulator.Build.0 = Release|Any CPU
		{A6DCAB89-6C20-4603-8D88-111D4674A8A5}.AppStore|iPhoneSimulator.Deploy.0 = Release|Any CPU
		{A6DCAB89-6C20-4603-8D88-111D4674A8A5}.AppStore|x64.ActiveCfg = Release|x64
		{A6DCAB89-6C20-4603-8D88-111D4674A8A5}.AppStore|x64.Build.0 = Release|x64
		{A6DCAB89-6C20-4603-8D88-111D4674A8A5}.AppStore|x64.Deploy.0 = Release|x64
		{A6DCAB89-6C20-4603-8D88-111D4674A8A5}.AppStore|x86.ActiveCfg = Release|x86
		{A6DCAB89-6C20-4603-8D88-111D4674A8A5}.AppStore|x86.Build.0 = Release|x86
		{A6DCAB89-6C20-4603-8D88-111D4674A8A5}.AppStore|x86.Deploy.0 = Release|x86
		{A6DCAB89-6C20-4603-8D88-111D4674A8A5}.Debug|Any CPU.ActiveCfg = Debug|Any CPU
		{A6DCAB89-6C20-4603-8D88-111D4674A8A5}.Debug|Any CPU.Build.0 = Debug|Any CPU
		{A6DCAB89-6C20-4603-8D88-111D4674A8A5}.Debug|Any CPU.Deploy.0 = Debug|Any CPU
		{A6DCAB89-6C20-4603-8D88-111D4674A8A5}.Debug|ARM.ActiveCfg = Debug|ARM
		{A6DCAB89-6C20-4603-8D88-111D4674A8A5}.Debug|ARM.Build.0 = Debug|ARM
		{A6DCAB89-6C20-4603-8D88-111D4674A8A5}.Debug|ARM.Deploy.0 = Debug|ARM
		{A6DCAB89-6C20-4603-8D88-111D4674A8A5}.Debug|iPhone.ActiveCfg = Debug|Any CPU
		{A6DCAB89-6C20-4603-8D88-111D4674A8A5}.Debug|iPhone.Build.0 = Debug|Any CPU
		{A6DCAB89-6C20-4603-8D88-111D4674A8A5}.Debug|iPhone.Deploy.0 = Debug|Any CPU
		{A6DCAB89-6C20-4603-8D88-111D4674A8A5}.Debug|iPhoneSimulator.ActiveCfg = Debug|Any CPU
		{A6DCAB89-6C20-4603-8D88-111D4674A8A5}.Debug|iPhoneSimulator.Build.0 = Debug|Any CPU
		{A6DCAB89-6C20-4603-8D88-111D4674A8A5}.Debug|iPhoneSimulator.Deploy.0 = Debug|Any CPU
		{A6DCAB89-6C20-4603-8D88-111D4674A8A5}.Debug|x64.ActiveCfg = Debug|x64
		{A6DCAB89-6C20-4603-8D88-111D4674A8A5}.Debug|x64.Build.0 = Debug|x64
		{A6DCAB89-6C20-4603-8D88-111D4674A8A5}.Debug|x64.Deploy.0 = Debug|x64
		{A6DCAB89-6C20-4603-8D88-111D4674A8A5}.Debug|x86.ActiveCfg = Debug|x86
		{A6DCAB89-6C20-4603-8D88-111D4674A8A5}.Debug|x86.Build.0 = Debug|x86
		{A6DCAB89-6C20-4603-8D88-111D4674A8A5}.Debug|x86.Deploy.0 = Debug|x86
		{A6DCAB89-6C20-4603-8D88-111D4674A8A5}.Release|Any CPU.ActiveCfg = Release|Any CPU
		{A6DCAB89-6C20-4603-8D88-111D4674A8A5}.Release|Any CPU.Build.0 = Release|Any CPU
		{A6DCAB89-6C20-4603-8D88-111D4674A8A5}.Release|Any CPU.Deploy.0 = Release|Any CPU
		{A6DCAB89-6C20-4603-8D88-111D4674A8A5}.Release|ARM.ActiveCfg = Release|ARM
		{A6DCAB89-6C20-4603-8D88-111D4674A8A5}.Release|ARM.Build.0 = Release|ARM
		{A6DCAB89-6C20-4603-8D88-111D4674A8A5}.Release|ARM.Deploy.0 = Release|ARM
		{A6DCAB89-6C20-4603-8D88-111D4674A8A5}.Release|iPhone.ActiveCfg = Release|Any CPU
		{A6DCAB89-6C20-4603-8D88-111D4674A8A5}.Release|iPhone.Build.0 = Release|Any CPU
		{A6DCAB89-6C20-4603-8D88-111D4674A8A5}.Release|iPhone.Deploy.0 = Release|Any CPU
		{A6DCAB89-6C20-4603-8D88-111D4674A8A5}.Release|iPhoneSimulator.ActiveCfg = Release|Any CPU
		{A6DCAB89-6C20-4603-8D88-111D4674A8A5}.Release|iPhoneSimulator.Build.0 = Release|Any CPU
		{A6DCAB89-6C20-4603-8D88-111D4674A8A5}.Release|iPhoneSimulator.Deploy.0 = Release|Any CPU
		{A6DCAB89-6C20-4603-8D88-111D4674A8A5}.Release|x64.ActiveCfg = Release|x64
		{A6DCAB89-6C20-4603-8D88-111D4674A8A5}.Release|x64.Build.0 = Release|x64
		{A6DCAB89-6C20-4603-8D88-111D4674A8A5}.Release|x64.Deploy.0 = Release|x64
		{A6DCAB89-6C20-4603-8D88-111D4674A8A5}.Release|x86.ActiveCfg = Release|x86
		{A6DCAB89-6C20-4603-8D88-111D4674A8A5}.Release|x86.Build.0 = Release|x86
		{A6DCAB89-6C20-4603-8D88-111D4674A8A5}.Release|x86.Deploy.0 = Release|x86
		{43D2AE07-A6AB-4803-ADBB-F516914AF1E3}.Ad-Hoc|Any CPU.ActiveCfg = Release|Any CPU
		{43D2AE07-A6AB-4803-ADBB-F516914AF1E3}.Ad-Hoc|Any CPU.Build.0 = Release|Any CPU
		{43D2AE07-A6AB-4803-ADBB-F516914AF1E3}.Ad-Hoc|ARM.ActiveCfg = Release|Any CPU
		{43D2AE07-A6AB-4803-ADBB-F516914AF1E3}.Ad-Hoc|ARM.Build.0 = Release|Any CPU
		{43D2AE07-A6AB-4803-ADBB-F516914AF1E3}.Ad-Hoc|iPhone.ActiveCfg = Release|Any CPU
		{43D2AE07-A6AB-4803-ADBB-F516914AF1E3}.Ad-Hoc|iPhone.Build.0 = Release|Any CPU
		{43D2AE07-A6AB-4803-ADBB-F516914AF1E3}.Ad-Hoc|iPhoneSimulator.ActiveCfg = Release|Any CPU
		{43D2AE07-A6AB-4803-ADBB-F516914AF1E3}.Ad-Hoc|iPhoneSimulator.Build.0 = Release|Any CPU
		{43D2AE07-A6AB-4803-ADBB-F516914AF1E3}.Ad-Hoc|x64.ActiveCfg = Release|Any CPU
		{43D2AE07-A6AB-4803-ADBB-F516914AF1E3}.Ad-Hoc|x64.Build.0 = Release|Any CPU
		{43D2AE07-A6AB-4803-ADBB-F516914AF1E3}.Ad-Hoc|x86.ActiveCfg = Release|Any CPU
		{43D2AE07-A6AB-4803-ADBB-F516914AF1E3}.Ad-Hoc|x86.Build.0 = Release|Any CPU
		{43D2AE07-A6AB-4803-ADBB-F516914AF1E3}.AppStore|Any CPU.ActiveCfg = Release|Any CPU
		{43D2AE07-A6AB-4803-ADBB-F516914AF1E3}.AppStore|Any CPU.Build.0 = Release|Any CPU
		{43D2AE07-A6AB-4803-ADBB-F516914AF1E3}.AppStore|ARM.ActiveCfg = Release|Any CPU
		{43D2AE07-A6AB-4803-ADBB-F516914AF1E3}.AppStore|ARM.Build.0 = Release|Any CPU
		{43D2AE07-A6AB-4803-ADBB-F516914AF1E3}.AppStore|iPhone.ActiveCfg = Release|Any CPU
		{43D2AE07-A6AB-4803-ADBB-F516914AF1E3}.AppStore|iPhone.Build.0 = Release|Any CPU
		{43D2AE07-A6AB-4803-ADBB-F516914AF1E3}.AppStore|iPhoneSimulator.ActiveCfg = Release|Any CPU
		{43D2AE07-A6AB-4803-ADBB-F516914AF1E3}.AppStore|iPhoneSimulator.Build.0 = Release|Any CPU
		{43D2AE07-A6AB-4803-ADBB-F516914AF1E3}.AppStore|x64.ActiveCfg = Release|Any CPU
		{43D2AE07-A6AB-4803-ADBB-F516914AF1E3}.AppStore|x64.Build.0 = Release|Any CPU
		{43D2AE07-A6AB-4803-ADBB-F516914AF1E3}.AppStore|x86.ActiveCfg = Release|Any CPU
		{43D2AE07-A6AB-4803-ADBB-F516914AF1E3}.AppStore|x86.Build.0 = Release|Any CPU
		{43D2AE07-A6AB-4803-ADBB-F516914AF1E3}.Debug|Any CPU.ActiveCfg = Debug|Any CPU
		{43D2AE07-A6AB-4803-ADBB-F516914AF1E3}.Debug|Any CPU.Build.0 = Debug|Any CPU
		{43D2AE07-A6AB-4803-ADBB-F516914AF1E3}.Debug|ARM.ActiveCfg = Debug|Any CPU
		{43D2AE07-A6AB-4803-ADBB-F516914AF1E3}.Debug|ARM.Build.0 = Debug|Any CPU
		{43D2AE07-A6AB-4803-ADBB-F516914AF1E3}.Debug|iPhone.ActiveCfg = Debug|Any CPU
		{43D2AE07-A6AB-4803-ADBB-F516914AF1E3}.Debug|iPhone.Build.0 = Debug|Any CPU
		{43D2AE07-A6AB-4803-ADBB-F516914AF1E3}.Debug|iPhoneSimulator.ActiveCfg = Debug|Any CPU
		{43D2AE07-A6AB-4803-ADBB-F516914AF1E3}.Debug|iPhoneSimulator.Build.0 = Debug|Any CPU
		{43D2AE07-A6AB-4803-ADBB-F516914AF1E3}.Debug|x64.ActiveCfg = Debug|Any CPU
		{43D2AE07-A6AB-4803-ADBB-F516914AF1E3}.Debug|x64.Build.0 = Debug|Any CPU
		{43D2AE07-A6AB-4803-ADBB-F516914AF1E3}.Debug|x86.ActiveCfg = Debug|Any CPU
		{43D2AE07-A6AB-4803-ADBB-F516914AF1E3}.Debug|x86.Build.0 = Debug|Any CPU
		{43D2AE07-A6AB-4803-ADBB-F516914AF1E3}.Release|Any CPU.ActiveCfg = Release|Any CPU
		{43D2AE07-A6AB-4803-ADBB-F516914AF1E3}.Release|Any CPU.Build.0 = Release|Any CPU
		{43D2AE07-A6AB-4803-ADBB-F516914AF1E3}.Release|ARM.ActiveCfg = Release|Any CPU
		{43D2AE07-A6AB-4803-ADBB-F516914AF1E3}.Release|ARM.Build.0 = Release|Any CPU
		{43D2AE07-A6AB-4803-ADBB-F516914AF1E3}.Release|iPhone.ActiveCfg = Release|Any CPU
		{43D2AE07-A6AB-4803-ADBB-F516914AF1E3}.Release|iPhone.Build.0 = Release|Any CPU
		{43D2AE07-A6AB-4803-ADBB-F516914AF1E3}.Release|iPhoneSimulator.ActiveCfg = Release|Any CPU
		{43D2AE07-A6AB-4803-ADBB-F516914AF1E3}.Release|iPhoneSimulator.Build.0 = Release|Any CPU
		{43D2AE07-A6AB-4803-ADBB-F516914AF1E3}.Release|x64.ActiveCfg = Release|Any CPU
		{43D2AE07-A6AB-4803-ADBB-F516914AF1E3}.Release|x64.Build.0 = Release|Any CPU
		{43D2AE07-A6AB-4803-ADBB-F516914AF1E3}.Release|x86.ActiveCfg = Release|Any CPU
		{43D2AE07-A6AB-4803-ADBB-F516914AF1E3}.Release|x86.Build.0 = Release|Any CPU
	EndGlobalSection
	GlobalSection(SolutionProperties) = preSolution
		HideSolutionNode = FALSE
	EndGlobalSection
EndGlobal
